dependencies:
- name: common
  repository: https://ferren.github.io/inair-helm-charts/
  version: 1.8.0
- name: nacos
  repository: https://ferren.github.io/inair-helm-charts/
  version: 0.1.5
- name: redis
  repository: https://charts.bitnami.com/bitnami
  version: 15.7.6
- name: mongodb
  repository: https://charts.bitnami.com/bitnami
  version: 10.31.4
- name: nginx
  repository: https://charts.bitnami.com/bitnami
  version: 9.7.3
- name: service-base
  repository: https://ferren.github.io/inair-helm-charts/
  version: 0.2.1
- name: service-apimanage
  repository: https://ferren.github.io/inair-helm-charts/
  version: 0.2.1
- name: service-customer
  repository: https://ferren.github.io/inair-helm-charts/
  version: 0.2.1
- name: service-repay
  repository: https://ferren.github.io/inair-helm-charts/
  version: 0.2.1
- name: service-risk
  repository: https://ferren.github.io/inair-helm-charts/
  version: 0.2.1
- name: service-channel
  repository: https://ferren.github.io/inair-helm-charts/
  version: 0.2.1
- name: web-admin
  repository: https://ferren.github.io/inair-helm-charts/
  version: 0.2.2
- name: app-trade
  repository: https://ferren.github.io/inair-helm-charts/
  version: 0.2.2
digest: sha256:a7e113378908a46be640425989fb7a557bf005f003c98c769ecd2b23b2660a32
generated: "2022-01-21T12:09:42.3709211+08:00"
