dependencies:
- name: common
  repository: https://ferren.github.io/inair-helm-charts/
  version: 1.8.0
- name: nacos
  repository: https://ferren.github.io/inair-helm-charts/
  version: 0.1.5
- name: redis
  repository: https://charts.bitnami.com/bitnami
  version: 15.7.5
- name: mongodb
  repository: https://charts.bitnami.com/bitnami
  version: 10.31.3
- name: service-base
  repository: https://ferren.github.io/inair-helm-charts/
  version: 0.0.8
digest: sha256:c27fc32bb4a12994d26e3877d72f7ebb27622adf7d2cff5c5aa30f2acef5343a
generated: "2022-01-15T17:14:45.4326679+08:00"
