dependencies:
- name: redis
  repository: https://charts.bitnami.com/bitnami
  version: 18.19.4
- name: common
  repository: https://charts.bitnami.com/bitnami
  version: 2.27.0
digest: sha256:889ae6d8d83bdb150ef8509aac6c73a4b36765d2c38dd0b18d11cebaf072b68a
generated: "2024-12-02T17:20:39.705396555+08:00"
