dependencies:
- name: redis
  repository: https://charts.bitnami.com/bitnami
  version: 18.16.0
- name: common
  repository: https://charts.bitnami.com/bitnami
  version: 2.16.1
digest: sha256:63ab6a0be19ee8687258f219903cbc3b7b3dd345569de7b505cb7d01cbef9339
generated: "2024-02-22T17:37:05.322053848+08:00"
