dependencies:
- name: redis
  repository: https://charts.bitnami.com/bitnami
  version: 17.11.6
- name: common
  repository: https://charts.bitnami.com/bitnami
  version: 2.4.0
digest: sha256:556a083e022798ccad4b8a5703fa0724fd84c0afe047db8636351d268508ed86
generated: "2023-06-20T15:47:43.659331284+08:00"
