dependencies:
- name: postgresql
  repository: https://charts.bitnami.com/bitnami
  version: 11.1.13
- name: redis
  repository: https://charts.bitnami.com/bitnami
  version: 16.8.1
- name: common
  repository: https://ferren.github.io/inair-helm-charts/
  version: 1.8.0
digest: sha256:62082980ca8cdd5b7a17f9bd2c76b8c3af968acf3d65c78a9ce7b12cec99aa16
generated: "2022-04-02T18:30:57.630766037+08:00"
