dependencies:
- name: postgresql
  repository: https://ferren.github.io/inair-helm-charts/
  version: 1.0.3
- name: redis
  repository: https://charts.bitnami.com/bitnami
  version: 15.7.6
- name: common
  repository: https://ferren.github.io/inair-helm-charts/
  version: 1.8.0
digest: sha256:795fa70180a169087f79cdf299212488577a7b23c0fa88d6cb1427dde9c6fdf0
generated: "2022-03-25T10:09:19.54827251+08:00"
