dependencies:
- name: common
  repository: https://ferren.github.io/inair-helm-charts/
  version: 1.8.0
- name: nacos
  repository: https://ferren.github.io/inair-helm-charts/
  version: 0.1.5
- name: redis
  repository: https://charts.bitnami.com/bitnami
  version: 15.7.6
- name: nginx
  repository: https://charts.bitnami.com/bitnami
  version: 9.9.5
- name: service-system
  repository: https://ferren.github.io/inair-helm-charts/
  version: 0.4.0
- name: service-bfp
  repository: https://ferren.github.io/inair-helm-charts/
  version: 0.4.0
- name: service-worker
  repository: https://ferren.github.io/inair-helm-charts/
  version: 0.4.0
- name: cas-web
  repository: https://ferren.github.io/inair-helm-charts/
  version: 0.4.0
digest: sha256:baa3d16acb1b69e9f0515b9a4b0d92b44f4d75b5b6561975dd5a9c6c7336b8c3
generated: "2022-03-21T15:06:31.467765302+08:00"
