dependencies:
- name: common
  repository: https://ferren.github.io/inair-helm-charts/
  version: 1.8.0
- name: nacos
  repository: https://ferren.github.io/inair-helm-charts/
  version: 0.1.5
- name: redis
  repository: https://charts.bitnami.com/bitnami
  version: 15.7.6
- name: nginx
  repository: https://charts.bitnami.com/bitnami
  version: 9.9.5
- name: service-system
  repository: https://ferren.github.io/inair-helm-charts/
  version: 0.4.0
- name: service-bfp
  repository: https://ferren.github.io/inair-helm-charts/
  version: 0.4.1
- name: service-worker
  repository: https://ferren.github.io/inair-helm-charts/
  version: 0.4.0
- name: cas-web
  repository: https://ferren.github.io/inair-helm-charts/
  version: 0.4.0
digest: sha256:69ef88fa0a33a9eb2acb7c54c7e44d9fc0f3007ac32e0adbba07afb64fc6da7f
generated: "2022-03-21T15:47:12.325238055+08:00"
