dependencies:
- name: common
  repository: https://ferren.github.io/inair-helm-charts/
  version: 1.8.0
- name: nginx
  repository: https://charts.bitnami.com/bitnami
  version: 15.2.0
digest: sha256:fc1905a9671aa75278837510f97ce7cef38f2c2c726394de6691f173d08649a8
generated: "2023-08-24T13:59:02.432420562+08:00"
