dependencies:
- name: postgresql
  repository: https://charts.bitnami.com/bitnami
  version: 13.2.24
- name: redis
  repository: https://charts.bitnami.com/bitnami
  version: 18.5.0
- name: common
  repository: https://charts.bitnami.com/bitnami
  version: 2.13.3
digest: sha256:380c9ca6ccdd14d375cc6983ab65db2d8e4cfe88f8a2a24eb0c15ba94ad5496b
generated: "2023-12-13T15:22:04.322207832+08:00"
