dependencies:
- name: postgresql
  repository: https://charts.bitnami.com/bitnami
  version: 13.4.4
- name: redis
  repository: https://charts.bitnami.com/bitnami
  version: 18.19.4
- name: common
  repository: https://charts.bitnami.com/bitnami
  version: 2.19.0
digest: sha256:a9f524a9445167d399d5383f3a2fa2e8d0147b85ce4e69608dda776ebff66c23
generated: "2024-03-25T10:09:28.406006618+08:00"
