dependencies:
- name: postgresql
  repository: https://charts.bitnami.com/bitnami
  version: 15.5.20
- name: redis
  repository: https://charts.bitnami.com/bitnami
  version: 19.6.4
- name: common
  repository: https://charts.bitnami.com/bitnami
  version: 2.20.5
digest: sha256:5ebe7bf43f25c32cd7bcb1b1c2c770cdf509e4c348383471b4cccfbe91b1e2c2
generated: "2024-08-01T11:53:28.076781596+08:00"
