dependencies:
- name: postgresql
  repository: https://ferren.github.io/inair-helm-charts/
  version: 1.0.3
- name: redis
  repository: https://charts.bitnami.com/bitnami
  version: 15.4.0
- name: common
  repository: https://ferren.github.io/inair-helm-charts/
  version: 1.8.0
digest: sha256:fecf74f19829e00cbd9cbd76d2cd5f3d94bb78a3dfb3f7e0ed315fa0579a524b
generated: "2021-09-28T12:33:44.3465375+08:00"
