dependencies:
- name: postgresql
  repository: https://charts.bitnami.com/bitnami
  version: 12.5.7
- name: redis
  repository: https://charts.bitnami.com/bitnami
  version: 17.11.3
- name: common
  repository: https://charts.bitnami.com/bitnami
  version: 2.4.0
digest: sha256:dca901037c1fb055ba4e930e9ce6d50d6b718dc9f1247a1a2ee3f53600f002ed
generated: "2023-06-12T18:52:49.865898224+08:00"
