dependencies:
- name: postgresql
  repository: https://charts.bitnami.com/bitnami
  version: 16.2.2
- name: redis
  repository: https://charts.bitnami.com/bitnami
  version: 20.3.0
- name: common
  repository: https://charts.bitnami.com/bitnami
  version: 2.27.0
digest: sha256:7d524b34ced4d7e165e4b99a97339412de91e6ebf68e61f90443f69195756523
generated: "2024-11-27T16:38:44.655624879+08:00"
